
Microsoft Visual Studio Solution File, Format Version 12.00
Project("{2150E333-8FDC-42A3-9474-1A3956D46DE8}") = "Basics", "Basics", "{05C054B4-8018-459F-9063-91EE357AA5EE}"
EndProject
Project("{FAE04EC0-301F-11D3-BF4B-00C04F79EFBC}") = "Authorization.Basics", "Authorization.Basics\Authorization.Basics.csproj", "{22A4DF9F-1874-477A-8622-03453BBD9D54}"
EndProject
Project("{FAE04EC0-301F-11D3-BF4B-00C04F79EFBC}") = "Authorization.Roles", "Authorization.Roles\Authorization.Roles.csproj", "{A43A2A4D-5132-4B19-A040-21C78AAAC0BD}"
EndProject
Project("{FAE04EC0-301F-11D3-BF4B-00C04F79EFBC}") = "Authorization.Database", "Authorization.Database\Authorization.Database.csproj", "{23CE44FD-D64D-4CEC-A4F9-6A93E2803C39}"
EndProject
Global
	GlobalSection(SolutionConfigurationPlatforms) = preSolution
		Debug|Any CPU = Debug|Any CPU
		Release|Any CPU = Release|Any CPU
	EndGlobalSection
	GlobalSection(NestedProjects) = preSolution
		{22A4DF9F-1874-477A-8622-03453BBD9D54} = {05C054B4-8018-459F-9063-91EE357AA5EE}
		{A43A2A4D-5132-4B19-A040-21C78AAAC0BD} = {05C054B4-8018-459F-9063-91EE357AA5EE}
		{23CE44FD-D64D-4CEC-A4F9-6A93E2803C39} = {05C054B4-8018-459F-9063-91EE357AA5EE}
	EndGlobalSection
	GlobalSection(ProjectConfigurationPlatforms) = postSolution
		{22A4DF9F-1874-477A-8622-03453BBD9D54}.Debug|Any CPU.ActiveCfg = Debug|Any CPU
		{22A4DF9F-1874-477A-8622-03453BBD9D54}.Debug|Any CPU.Build.0 = Debug|Any CPU
		{22A4DF9F-1874-477A-8622-03453BBD9D54}.Release|Any CPU.ActiveCfg = Release|Any CPU
		{22A4DF9F-1874-477A-8622-03453BBD9D54}.Release|Any CPU.Build.0 = Release|Any CPU
		{A43A2A4D-5132-4B19-A040-21C78AAAC0BD}.Debug|Any CPU.ActiveCfg = Debug|Any CPU
		{A43A2A4D-5132-4B19-A040-21C78AAAC0BD}.Debug|Any CPU.Build.0 = Debug|Any CPU
		{A43A2A4D-5132-4B19-A040-21C78AAAC0BD}.Release|Any CPU.ActiveCfg = Release|Any CPU
		{A43A2A4D-5132-4B19-A040-21C78AAAC0BD}.Release|Any CPU.Build.0 = Release|Any CPU
		{23CE44FD-D64D-4CEC-A4F9-6A93E2803C39}.Debug|Any CPU.ActiveCfg = Debug|Any CPU
		{23CE44FD-D64D-4CEC-A4F9-6A93E2803C39}.Debug|Any CPU.Build.0 = Debug|Any CPU
		{23CE44FD-D64D-4CEC-A4F9-6A93E2803C39}.Release|Any CPU.ActiveCfg = Release|Any CPU
		{23CE44FD-D64D-4CEC-A4F9-6A93E2803C39}.Release|Any CPU.Build.0 = Release|Any CPU
	EndGlobalSection
EndGlobal
